
Microsoft Visual Studio Solution File, Format Version 12.00
# Visual Studio Version 17
VisualStudioVersion = 17.5.002.0
MinimumVisualStudioVersion = 10.0.40219.1
Project("{9A19103F-16F7-4668-BE54-9A1E7A4F7556}") = "Monogame", "Monogame.csproj", "{FA6288BB-4A60-4318-9099-2BB21FB115DE}"
EndProject
Global
	GlobalSection(SolutionConfigurationPlatforms) = preSolution
		Debug|Any CPU = Debug|Any CPU
		Release|Any CPU = Release|Any CPU
	EndGlobalSection
	GlobalSection(ProjectConfigurationPlatforms) = postSolution
		{FA6288BB-4A60-4318-9099-2BB21FB115DE}.Debug|Any CPU.ActiveCfg = Debug|Any CPU
		{FA6288BB-4A60-4318-9099-2BB21FB115DE}.Debug|Any CPU.Build.0 = Debug|Any CPU
		{FA6288BB-4A60-4318-9099-2BB21FB115DE}.Release|Any CPU.ActiveCfg = Release|Any CPU
		{FA6288BB-4A60-4318-9099-2BB21FB115DE}.Release|Any CPU.Build.0 = Release|Any CPU
	EndGlobalSection
	GlobalSection(SolutionProperties) = preSolution
		HideSolutionNode = FALSE
	EndGlobalSection
	GlobalSection(ExtensibilityGlobals) = postSolution
		SolutionGuid = {D567A75D-4472-463D-8208-6A0658123C37}
	EndGlobalSection
EndGlobal
